
Microsoft Visual Studio Solution File, Format Version 12.00
# Visual Studio Version 17
VisualStudioVersion = 17.10.35122.118
MinimumVisualStudioVersion = 10.0.40219.1
Project("{9A19103F-16F7-4668-BE54-9A1E7A4F7556}") = "QriousSharp", "QriousSharp.csproj", "{AAA97D89-AF02-4F85-89A2-C72D3F9330BE}"
EndProject
Global
	GlobalSection(SolutionConfigurationPlatforms) = preSolution
		Debug|Any CPU = Debug|Any CPU
		Release|Any CPU = Release|Any CPU
	EndGlobalSection
	GlobalSection(ProjectConfigurationPlatforms) = postSolution
		{AAA97D89-AF02-4F85-89A2-C72D3F9330BE}.Debug|Any CPU.ActiveCfg = Debug|Any CPU
		{AAA97D89-AF02-4F85-89A2-C72D3F9330BE}.Debug|Any CPU.Build.0 = Debug|Any CPU
		{AAA97D89-AF02-4F85-89A2-C72D3F9330BE}.Release|Any CPU.ActiveCfg = Release|Any CPU
		{AAA97D89-AF02-4F85-89A2-C72D3F9330BE}.Release|Any CPU.Build.0 = Release|Any CPU
	EndGlobalSection
	GlobalSection(SolutionProperties) = preSolution
		HideSolutionNode = FALSE
	EndGlobalSection
	GlobalSection(ExtensibilityGlobals) = postSolution
		SolutionGuid = {1B571695-36F1-4D80-80D7-2AAC420D2069}
	EndGlobalSection
EndGlobal
